
Microsoft Visual Studio Solution File, Format Version 12.00
# Visual Studio Version 16
VisualStudioVersion = 16.0.29609.76
MinimumVisualStudioVersion = 10.0.40219.1
Project("{9A19103F-16F7-4668-BE54-9A1E7A4F7556}") = "DI.App", "src\DI\DI.App\DI.App.csproj", "{97A7A286-D1BF-4CA9-BBE1-3BBE6A1F8CA0}"
EndProject
Global
	GlobalSection(SolutionConfigurationPlatforms) = preSolution
		Debug|Any CPU = Debug|Any CPU
		Release|Any CPU = Release|Any CPU
	EndGlobalSection
	GlobalSection(ProjectConfigurationPlatforms) = postSolution
		{97A7A286-D1BF-4CA9-BBE1-3BBE6A1F8CA0}.Debug|Any CPU.ActiveCfg = Debug|Any CPU
		{97A7A286-D1BF-4CA9-BBE1-3BBE6A1F8CA0}.Debug|Any CPU.Build.0 = Debug|Any CPU
		{97A7A286-D1BF-4CA9-BBE1-3BBE6A1F8CA0}.Release|Any CPU.ActiveCfg = Release|Any CPU
		{97A7A286-D1BF-4CA9-BBE1-3BBE6A1F8CA0}.Release|Any CPU.Build.0 = Release|Any CPU
	EndGlobalSection
	GlobalSection(SolutionProperties) = preSolution
		HideSolutionNode = FALSE
	EndGlobalSection
	GlobalSection(ExtensibilityGlobals) = postSolution
		SolutionGuid = {2D611979-1128-44BB-BECE-847C85998A29}
	EndGlobalSection
EndGlobal
